// !$*UTF8*$!
{
	archiveVersion = 1;
	classes = {
	};
	objectVersion = 46;
	objects = {

/* Begin PBXBuildFile section */
		1750C9131B43936F006132A1 /* main.m in Sources */ = {isa = PBXBuildFile; fileRef = 1750C9121B43936F006132A1 /* main.m */; };
		1750C9161B43936F006132A1 /* AppDelegate.m in Sources */ = {isa = PBXBuildFile; fileRef = 1750C9151B43936F006132A1 /* AppDelegate.m */; };
		1750C9191B43936F006132A1 /* TemplateUpdater.xcdatamodeld in Sources */ = {isa = PBXBuildFile; fileRef = 1750C9171B43936F006132A1 /* TemplateUpdater.xcdatamodeld */; };
		1750C91C1B43936F006132A1 /* ViewController.m in Sources */ = {isa = PBXBuildFile; fileRef = 1750C91B1B43936F006132A1 /* ViewController.m */; };
		1750C91F1B43936F006132A1 /* Main.storyboard in Resources */ = {isa = PBXBuildFile; fileRef = 1750C91D1B43936F006132A1 /* Main.storyboard */; };
		1750C9211B43936F006132A1 /* Images.xcassets in Resources */ = {isa = PBXBuildFile; fileRef = 1750C9201B43936F006132A1 /* Images.xcassets */; };
		1750C9241B43936F006132A1 /* LaunchScreen.xib in Resources */ = {isa = PBXBuildFile; fileRef = 1750C9221B43936F006132A1 /* LaunchScreen.xib */; };
		1750C9301B43936F006132A1 /* TemplateUpdaterTests.m in Sources */ = {isa = PBXBuildFile; fileRef = 1750C92F1B43936F006132A1 /* TemplateUpdaterTests.m */; };
/* End PBXBuildFile section */

/* Begin PBXContainerItemProxy section */
		1750C92A1B43936F006132A1 /* PBXContainerItemProxy */ = {
			isa = PBXContainerItemProxy;
			containerPortal = 1750C9051B43936F006132A1 /* Project object */;
			proxyType = 1;
			remoteGlobalIDString = 1750C90C1B43936F006132A1;
			remoteInfo = TemplateUpdater;
		};
/* End PBXContainerItemProxy section */

/* Begin PBXFileReference section */
		1750C90D1B43936F006132A1 /* TemplateUpdater.app */ = {isa = PBXFileReference; explicitFileType = wrapper.application; includeInIndex = 0; path = TemplateUpdater.app; sourceTree = BUILT_PRODUCTS_DIR; };
		1750C9111B43936F006132A1 /* Info.plist */ = {isa = PBXFileReference; lastKnownFileType = text.plist.xml; path = Info.plist; sourceTree = "<group>"; };
		1750C9121B43936F006132A1 /* main.m */ = {isa = PBXFileReference; lastKnownFileType = sourcecode.c.objc; path = main.m; sourceTree = "<group>"; };
		1750C9141B43936F006132A1 /* AppDelegate.h */ = {isa = PBXFileReference; lastKnownFileType = sourcecode.c.h; path = AppDelegate.h; sourceTree = "<group>"; };
		1750C9151B43936F006132A1 /* AppDelegate.m */ = {isa = PBXFileReference; lastKnownFileType = sourcecode.c.objc; path = AppDelegate.m; sourceTree = "<group>"; };
		1750C9181B43936F006132A1 /* TemplateUpdater.xcdatamodel */ = {isa = PBXFileReference; lastKnownFileType = wrapper.xcdatamodel; path = TemplateUpdater.xcdatamodel; sourceTree = "<group>"; };
		1750C91A1B43936F006132A1 /* ViewController.h */ = {isa = PBXFileReference; lastKnownFileType = sourcecode.c.h; path = ViewController.h; sourceTree = "<group>"; };
		1750C91B1B43936F006132A1 /* ViewController.m */ = {isa = PBXFileReference; lastKnownFileType = sourcecode.c.objc; path = ViewController.m; sourceTree = "<group>"; };
		1750C91E1B43936F006132A1 /* Base */ = {isa = PBXFileReference; lastKnownFileType = file.storyboard; name = Base; path = Base.lproj/Main.storyboard; sourceTree = "<group>"; };
		1750C9201B43936F006132A1 /* Images.xcassets */ = {isa = PBXFileReference; lastKnownFileType = folder.assetcatalog; path = Images.xcassets; sourceTree = "<group>"; };
		1750C9231B43936F006132A1 /* Base */ = {isa = PBXFileReference; lastKnownFileType = file.xib; name = Base; path = Base.lproj/LaunchScreen.xib; sourceTree = "<group>"; };
		1750C9291B43936F006132A1 /* TemplateUpdaterTests.xctest */ = {isa = PBXFileReference; explicitFileType = wrapper.cfbundle; includeInIndex = 0; path = TemplateUpdaterTests.xctest; sourceTree = BUILT_PRODUCTS_DIR; };
		1750C92E1B43936F006132A1 /* Info.plist */ = {isa = PBXFileReference; lastKnownFileType = text.plist.xml; path = Info.plist; sourceTree = "<group>"; };
		1750C92F1B43936F006132A1 /* TemplateUpdaterTests.m */ = {isa = PBXFileReference; lastKnownFileType = sourcecode.c.objc; path = TemplateUpdaterTests.m; sourceTree = "<group>"; };
/* End PBXFileReference section */

/* Begin PBXFrameworksBuildPhase section */
		1750C90A1B43936F006132A1 /* Frameworks */ = {
			isa = PBXFrameworksBuildPhase;
			buildActionMask = 2147483647;
			files = (
			);
			runOnlyForDeploymentPostprocessing = 0;
		};
		1750C9261B43936F006132A1 /* Frameworks */ = {
			isa = PBXFrameworksBuildPhase;
			buildActionMask = 2147483647;
			files = (
			);
			runOnlyForDeploymentPostprocessing = 0;
		};
/* End PBXFrameworksBuildPhase section */

/* Begin PBXGroup section */
		1750C9041B43936F006132A1 = {
			isa = PBXGroup;
			children = (
				1750C90F1B43936F006132A1 /* TemplateUpdater */,
				1750C92C1B43936F006132A1 /* TemplateUpdaterTests */,
				1750C90E1B43936F006132A1 /* Products */,
			);
			sourceTree = "<group>";
		};
		1750C90E1B43936F006132A1 /* Products */ = {
			isa = PBXGroup;
			children = (
				1750C90D1B43936F006132A1 /* TemplateUpdater.app */,
				1750C9291B43936F006132A1 /* TemplateUpdaterTests.xctest */,
			);
			name = Products;
			sourceTree = "<group>";
		};
		1750C90F1B43936F006132A1 /* TemplateUpdater */ = {
			isa = PBXGroup;
			children = (
				1750C9141B43936F006132A1 /* AppDelegate.h */,
				1750C9151B43936F006132A1 /* AppDelegate.m */,
				1750C91A1B43936F006132A1 /* ViewController.h */,
				1750C91B1B43936F006132A1 /* ViewController.m */,
				1750C91D1B43936F006132A1 /* Main.storyboard */,
				1750C9201B43936F006132A1 /* Images.xcassets */,
				1750C9221B43936F006132A1 /* LaunchScreen.xib */,
				1750C9171B43936F006132A1 /* TemplateUpdater.xcdatamodeld */,
				1750C9101B43936F006132A1 /* Supporting Files */,
			);
			path = TemplateUpdater;
			sourceTree = "<group>";
		};
		1750C9101B43936F006132A1 /* Supporting Files */ = {
			isa = PBXGroup;
			children = (
				1750C9111B43936F006132A1 /* Info.plist */,
				1750C9121B43936F006132A1 /* main.m */,
			);
			name = "Supporting Files";
			sourceTree = "<group>";
		};
		1750C92C1B43936F006132A1 /* TemplateUpdaterTests */ = {
			isa = PBXGroup;
			children = (
				1750C92F1B43936F006132A1 /* TemplateUpdaterTests.m */,
				1750C92D1B43936F006132A1 /* Supporting Files */,
			);
			path = TemplateUpdaterTests;
			sourceTree = "<group>";
		};
		1750C92D1B43936F006132A1 /* Supporting Files */ = {
			isa = PBXGroup;
			children = (
				1750C92E1B43936F006132A1 /* Info.plist */,
			);
			name = "Supporting Files";
			sourceTree = "<group>";
		};
/* End PBXGroup section */

/* Begin PBXNativeTarget section */
		1750C90C1B43936F006132A1 /* TemplateUpdater */ = {
			isa = PBXNativeTarget;
			buildConfigurationList = 1750C9331B43936F006132A1 /* Build configuration list for PBXNativeTarget "TemplateUpdater" */;
			buildPhases = (
				1750C9091B43936F006132A1 /* Sources */,
				1750C90A1B43936F006132A1 /* Frameworks */,
				1750C90B1B43936F006132A1 /* Resources */,
			);
			buildRules = (
			);
			dependencies = (
			);
			name = TemplateUpdater;
			productName = TemplateUpdater;
			productReference = 1750C90D1B43936F006132A1 /* TemplateUpdater.app */;
			productType = "com.apple.product-type.application";
		};
		1750C9281B43936F006132A1 /* TemplateUpdaterTests */ = {
			isa = PBXNativeTarget;
			buildConfigurationList = 1750C9361B43936F006132A1 /* Build configuration list for PBXNativeTarget "TemplateUpdaterTests" */;
			buildPhases = (
				1750C9251B43936F006132A1 /* Sources */,
				1750C9261B43936F006132A1 /* Frameworks */,
				1750C9271B43936F006132A1 /* Resources */,
			);
			buildRules = (
			);
			dependencies = (
				1750C92B1B43936F006132A1 /* PBXTargetDependency */,
			);
			name = TemplateUpdaterTests;
			productName = TemplateUpdaterTests;
			productReference = 1750C9291B43936F006132A1 /* TemplateUpdaterTests.xctest */;
			productType = "com.apple.product-type.bundle.unit-test";
		};
/* End PBXNativeTarget section */

/* Begin PBXProject section */
		1750C9051B43936F006132A1 /* Project object */ = {
			isa = PBXProject;
			attributes = {
				LastUpgradeCheck = 0630;
				ORGANIZATIONNAME = FluidTouch;
				TargetAttributes = {
					1750C90C1B43936F006132A1 = {
						CreatedOnToolsVersion = 6.3;
					};
					1750C9281B43936F006132A1 = {
						CreatedOnToolsVersion = 6.3;
						TestTargetID = 1750C90C1B43936F006132A1;
					};
				};
			};
			buildConfigurationList = 1750C9081B43936F006132A1 /* Build configuration list for PBXProject "TemplateUpdater" */;
			compatibilityVersion = "Xcode 3.2";
			developmentRegion = English;
			hasScannedForEncodings = 0;
			knownRegions = (
				en,
				Base,
			);
			mainGroup = 1750C9041B43936F006132A1;
			productRefGroup = 1750C90E1B43936F006132A1 /* Products */;
			projectDirPath = "";
			projectRoot = "";
			targets = (
				1750C90C1B43936F006132A1 /* TemplateUpdater */,
				1750C9281B43936F006132A1 /* TemplateUpdaterTests */,
			);
		};
/* End PBXProject section */

/* Begin PBXResourcesBuildPhase section */
		1750C90B1B43936F006132A1 /* Resources */ = {
			isa = PBXResourcesBuildPhase;
			buildActionMask = 2147483647;
			files = (
				1750C91F1B43936F006132A1 /* Main.storyboard in Resources */,
				1750C9241B43936F006132A1 /* LaunchScreen.xib in Resources */,
				1750C9211B43936F006132A1 /* Images.xcassets in Resources */,
			);
			runOnlyForDeploymentPostprocessing = 0;
		};
		1750C9271B43936F006132A1 /* Resources */ = {
			isa = PBXResourcesBuildPhase;
			buildActionMask = 2147483647;
			files = (
			);
			runOnlyForDeploymentPostprocessing = 0;
		};
/* End PBXResourcesBuildPhase section */

/* Begin PBXSourcesBuildPhase section */
		1750C9091B43936F006132A1 /* Sources */ = {
			isa = PBXSourcesBuildPhase;
			buildActionMask = 2147483647;
			files = (
				1750C9161B43936F006132A1 /* AppDelegate.m in Sources */,
				1750C9131B43936F006132A1 /* main.m in Sources */,
				1750C91C1B43936F006132A1 /* ViewController.m in Sources */,
				1750C9191B43936F006132A1 /* TemplateUpdater.xcdatamodeld in Sources */,
			);
			runOnlyForDeploymentPostprocessing = 0;
		};
		1750C9251B43936F006132A1 /* Sources */ = {
			isa = PBXSourcesBuildPhase;
			buildActionMask = 2147483647;
			files = (
				1750C9301B43936F006132A1 /* TemplateUpdaterTests.m in Sources */,
			);
			runOnlyForDeploymentPostprocessing = 0;
		};
/* End PBXSourcesBuildPhase section */

/* Begin PBXTargetDependency section */
		1750C92B1B43936F006132A1 /* PBXTargetDependency */ = {
			isa = PBXTargetDependency;
			target = 1750C90C1B43936F006132A1 /* TemplateUpdater */;
			targetProxy = 1750C92A1B43936F006132A1 /* PBXContainerItemProxy */;
		};
/* End PBXTargetDependency section */

/* Begin PBXVariantGroup section */
		1750C91D1B43936F006132A1 /* Main.storyboard */ = {
			isa = PBXVariantGroup;
			children = (
				1750C91E1B43936F006132A1 /* Base */,
			);
			name = Main.storyboard;
			sourceTree = "<group>";
		};
		1750C9221B43936F006132A1 /* LaunchScreen.xib */ = {
			isa = PBXVariantGroup;
			children = (
				1750C9231B43936F006132A1 /* Base */,
			);
			name = LaunchScreen.xib;
			sourceTree = "<group>";
		};
/* End PBXVariantGroup section */

/* Begin XCBuildConfiguration section */
		1750C9311B43936F006132A1 /* Debug */ = {
			isa = XCBuildConfiguration;
			buildSettings = {
				ALWAYS_SEARCH_USER_PATHS = NO;
				CLANG_CXX_LANGUAGE_STANDARD = "gnu++0x";
				CLANG_CXX_LIBRARY = "libc++";
				CLANG_ENABLE_MODULES = YES;
				CLANG_ENABLE_OBJC_ARC = YES;
				CLANG_WARN_BOOL_CONVERSION = YES;
				CLANG_WARN_CONSTANT_CONVERSION = YES;
				CLANG_WARN_DIRECT_OBJC_ISA_USAGE = YES_ERROR;
				CLANG_WARN_EMPTY_BODY = YES;
				CLANG_WARN_ENUM_CONVERSION = YES;
				CLANG_WARN_INT_CONVERSION = YES;
				CLANG_WARN_OBJC_ROOT_CLASS = YES_ERROR;
				CLANG_WARN_UNREACHABLE_CODE = YES;
				CLANG_WARN__DUPLICATE_METHOD_MATCH = YES;
				"CODE_SIGN_IDENTITY[sdk=iphoneos*]" = "iPhone Developer";
				COPY_PHASE_STRIP = NO;
				DEBUG_INFORMATION_FORMAT = "dwarf-with-dsym";
				ENABLE_STRICT_OBJC_MSGSEND = YES;
				GCC_C_LANGUAGE_STANDARD = gnu99;
				GCC_DYNAMIC_NO_PIC = NO;
				GCC_NO_COMMON_BLOCKS = YES;
				GCC_OPTIMIZATION_LEVEL = 0;
				GCC_PREPROCESSOR_DEFINITIONS = (
					"DEBUG=1",
					"$(inherited)",
				);
				GCC_SYMBOLS_PRIVATE_EXTERN = NO;
				GCC_WARN_64_TO_32_BIT_CONVERSION = YES;
				GCC_WARN_ABOUT_RETURN_TYPE = YES_ERROR;
				GCC_WARN_UNDECLARED_SELECTOR = YES;
				GCC_WARN_UNINITIALIZED_AUTOS = YES_AGGRESSIVE;
				GCC_WARN_UNUSED_FUNCTION = YES;
				GCC_WARN_UNUSED_VARIABLE = YES;
				IPHONEOS_DEPLOYMENT_TARGET = 8.3;
				MTL_ENABLE_DEBUG_INFO = YES;
				ONLY_ACTIVE_ARCH = YES;
				SDKROOT = iphoneos;
				TARGETED_DEVICE_FAMILY = "1,2";
			};
			name = Debug;
		};
		1750C9321B43936F006132A1 /* Release */ = {
			isa = XCBuildConfiguration;
			buildSettings = {
				ALWAYS_SEARCH_USER_PATHS = NO;
				CLANG_CXX_LANGUAGE_STANDARD = "gnu++0x";
				CLANG_CXX_LIBRARY = "libc++";
				CLANG_ENABLE_MODULES = YES;
				CLANG_ENABLE_OBJC_ARC = YES;
				CLANG_WARN_BOOL_CONVERSION = YES;
				CLANG_WARN_CONSTANT_CONVERSION = YES;
				CLANG_WARN_DIRECT_OBJC_ISA_USAGE = YES_ERROR;
				CLANG_WARN_EMPTY_BODY = YES;
				CLANG_WARN_ENUM_CONVERSION = YES;
				CLANG_WARN_INT_CONVERSION = YES;
				CLANG_WARN_OBJC_ROOT_CLASS = YES_ERROR;
				CLANG_WARN_UNREACHABLE_CODE = YES;
				CLANG_WARN__DUPLICATE_METHOD_MATCH = YES;
				"CODE_SIGN_IDENTITY[sdk=iphoneos*]" = "iPhone Developer";
				COPY_PHASE_STRIP = NO;
				DEBUG_INFORMATION_FORMAT = "dwarf-with-dsym";
				ENABLE_NS_ASSERTIONS = NO;
				ENABLE_STRICT_OBJC_MSGSEND = YES;
				GCC_C_LANGUAGE_STANDARD = gnu99;
				GCC_NO_COMMON_BLOCKS = YES;
				GCC_WARN_64_TO_32_BIT_CONVERSION = YES;
				GCC_WARN_ABOUT_RETURN_TYPE = YES_ERROR;
				GCC_WARN_UNDECLARED_SELECTOR = YES;
				GCC_WARN_UNINITIALIZED_AUTOS = YES_AGGRESSIVE;
				GCC_WARN_UNUSED_FUNCTION = YES;
				GCC_WARN_UNUSED_VARIABLE = YES;
				IPHONEOS_DEPLOYMENT_TARGET = 8.3;
				MTL_ENABLE_DEBUG_INFO = NO;
				SDKROOT = iphoneos;
				TARGETED_DEVICE_FAMILY = "1,2";
				VALIDATE_PRODUCT = YES;
			};
			name = Release;
		};
		1750C9341B43936F006132A1 /* Debug */ = {
			isa = XCBuildConfiguration;
			buildSettings = {
				ASSETCATALOG_COMPILER_APPICON_NAME = AppIcon;
				INFOPLIST_FILE = TemplateUpdater/Info.plist;
				LD_RUNPATH_SEARCH_PATHS = "$(inherited) @executable_path/Frameworks";
				PRODUCT_NAME = "$(TARGET_NAME)";
				TARGETED_DEVICE_FAMILY = 2;
			};
			name = Debug;
		};
		1750C9351B43936F006132A1 /* Release */ = {
			isa = XCBuildConfiguration;
			buildSettings = {
				ASSETCATALOG_COMPILER_APPICON_NAME = AppIcon;
				INFOPLIST_FILE = TemplateUpdater/Info.plist;
				LD_RUNPATH_SEARCH_PATHS = "$(inherited) @executable_path/Frameworks";
				PRODUCT_NAME = "$(TARGET_NAME)";
				TARGETED_DEVICE_FAMILY = 2;
			};
			name = Release;
		};
		1750C9371B43936F006132A1 /* Debug */ = {
			isa = XCBuildConfiguration;
			buildSettings = {
				BUNDLE_LOADER = "$(TEST_HOST)";
				FRAMEWORK_SEARCH_PATHS = (
					"$(SDKROOT)/Developer/Library/Frameworks",
					"$(inherited)",
				);
				GCC_PREPROCESSOR_DEFINITIONS = (
					"DEBUG=1",
					"$(inherited)",
				);
				INFOPLIST_FILE = TemplateUpdaterTests/Info.plist;
				LD_RUNPATH_SEARCH_PATHS = "$(inherited) @executable_path/Frameworks @loader_path/Frameworks";
				PRODUCT_NAME = "$(TARGET_NAME)";
				TEST_HOST = "$(BUILT_PRODUCTS_DIR)/TemplateUpdater.app/TemplateUpdater";
			};
			name = Debug;
		};
		1750C9381B43936F006132A1 /* Release */ = {
			isa = XCBuildConfiguration;
			buildSettings = {
				BUNDLE_LOADER = "$(TEST_HOST)";
				FRAMEWORK_SEARCH_PATHS = (
					"$(SDKROOT)/Developer/Library/Frameworks",
					"$(inherited)",
				);
				INFOPLIST_FILE = TemplateUpdaterTests/Info.plist;
				LD_RUNPATH_SEARCH_PATHS = "$(inherited) @executable_path/Frameworks @loader_path/Frameworks";
				PRODUCT_NAME = "$(TARGET_NAME)";
				TEST_HOST = "$(BUILT_PRODUCTS_DIR)/TemplateUpdater.app/TemplateUpdater";
			};
			name = Release;
		};
/* End XCBuildConfiguration section */

/* Begin XCConfigurationList section */
		1750C9081B43936F006132A1 /* Build configuration list for PBXProject "TemplateUpdater" */ = {
			isa = XCConfigurationList;
			buildConfigurations = (
				1750C9311B43936F006132A1 /* Debug */,
				1750C9321B43936F006132A1 /* Release */,
			);
			defaultConfigurationIsVisible = 0;
			defaultConfigurationName = Release;
		};
		1750C9331B43936F006132A1 /* Build configuration list for PBXNativeTarget "TemplateUpdater" */ = {
			isa = XCConfigurationList;
			buildConfigurations = (
				1750C9341B43936F006132A1 /* Debug */,
				1750C9351B43936F006132A1 /* Release */,
			);
			defaultConfigurationIsVisible = 0;
			defaultConfigurationName = Release;
		};
		1750C9361B43936F006132A1 /* Build configuration list for PBXNativeTarget "TemplateUpdaterTests" */ = {
			isa = XCConfigurationList;
			buildConfigurations = (
				1750C9371B43936F006132A1 /* Debug */,
				1750C9381B43936F006132A1 /* Release */,
			);
			defaultConfigurationIsVisible = 0;
			defaultConfigurationName = Release;
		};
/* End XCConfigurationList section */

/* Begin XCVersionGroup section */
		1750C9171B43936F006132A1 /* TemplateUpdater.xcdatamodeld */ = {
			isa = XCVersionGroup;
			children = (
				1750C9181B43936F006132A1 /* TemplateUpdater.xcdatamodel */,
			);
			currentVersion = 1750C9181B43936F006132A1 /* TemplateUpdater.xcdatamodel */;
			path = TemplateUpdater.xcdatamodeld;
			sourceTree = "<group>";
			versionGroupType = wrapper.xcdatamodel;
		};
/* End XCVersionGroup section */
	};
	rootObject = 1750C9051B43936F006132A1 /* Project object */;
}
